// !$*UTF8*$!
{ archiveVersion = 1; classes = {}; objectVersion = 56; objects = {
3BA62277AB19A35BA936AC31 = { isa = PBXFileReference; lastKnownFileType = sourcecode.swift; path = ScreenshottrApp.swift; sourceTree = "<group>"; };
A9D91C2E959135C2F07196D4 = { isa = PBXBuildFile; fileRef = 3BA62277AB19A35BA936AC31; };
BF6D28BE089187EEDC4E4ED4 = { isa = PBXFileReference; lastKnownFileType = sourcecode.swift; path = CaptureLauncher.swift; sourceTree = "<group>"; };
F34E0FFAA170C5368592A9B2 = { isa = PBXBuildFile; fileRef = BF6D28BE089187EEDC4E4ED4; };
AB7F1DE8C436EF1A37909D6A = { isa = PBXFileReference; lastKnownFileType = sourcecode.swift; path = LoginItemController.swift; sourceTree = "<group>"; };
165B6AB9D23DBA96F7D0C387 = { isa = PBXBuildFile; fileRef = AB7F1DE8C436EF1A37909D6A; };
59BD0A3FF43B32849B319E64 = { isa = PBXFileReference; lastKnownFileType = text.plist.xml; path = Info.plist; sourceTree = "<group>"; };
6D795F13C8C22E022040EE00 = { isa = PBXFileReference; explicitFileType = wrapper.application; path = Screenshottr.app; sourceTree = BUILT_PRODUCTS_DIR; };
AEAE4B28CDFF08F590396BA5 = { isa = PBXFileReference; explicitFileType = wrapper.cfbundle; path = ScreenshottrTests.xctest; sourceTree = BUILT_PRODUCTS_DIR; };
DF5B192FE80F93ACAF2EA928 = { isa = PBXFileReference; lastKnownFileType = sourcecode.swift; path = CaptureLauncherTests.swift; sourceTree = "<group>"; };
80FAC02A0BD5812E2A00F339 = { isa = PBXBuildFile; fileRef = DF5B192FE80F93ACAF2EA928; };
9D7F9248545092ADF453B3A3 = { isa = PBXBuildFile; fileRef = BF6D28BE089187EEDC4E4ED4; };
3A2A88DEEFF3D1D23E496597 = { isa = PBXGroup; children = (3BA62277AB19A35BA936AC31, BF6D28BE089187EEDC4E4ED4, AB7F1DE8C436EF1A37909D6A, 59BD0A3FF43B32849B319E64,); path = Screenshottr; sourceTree = "<group>"; };
8B7A6DECC0651D269EA794C7 = { isa = PBXGroup; children = (DF5B192FE80F93ACAF2EA928,); path = ScreenshottrTests; sourceTree = "<group>"; };
FBDC4F23F93125BBEEAE800C = { isa = PBXGroup; children = (6D795F13C8C22E022040EE00, AEAE4B28CDFF08F590396BA5,); name = Products; sourceTree = "<group>"; };
B28B7AF69320201D1CF206EB = { isa = PBXGroup; children = (3A2A88DEEFF3D1D23E496597, 8B7A6DECC0651D269EA794C7, FBDC4F23F93125BBEEAE800C,); sourceTree = "<group>"; };
89E1FD6268CC0F221A2BE178 = { isa = XCBuildConfiguration; buildSettings = { MACOSX_DEPLOYMENT_TARGET = 13.0; SDKROOT = macosx; SWIFT_VERSION = 5.0; CLANG_ENABLE_MODULES = YES; SWIFT_STRICT_CONCURRENCY = complete; SWIFT_OPTIMIZATION_LEVEL = "-Onone"; DEBUG_INFORMATION_FORMAT = dwarf; ENABLE_TESTABILITY = YES; }; name = Debug; };
E6DE6C99132752C914FEF632 = { isa = XCBuildConfiguration; buildSettings = { MACOSX_DEPLOYMENT_TARGET = 13.0; SDKROOT = macosx; SWIFT_VERSION = 5.0; CLANG_ENABLE_MODULES = YES; SWIFT_STRICT_CONCURRENCY = complete; SWIFT_OPTIMIZATION_LEVEL = "-O"; DEBUG_INFORMATION_FORMAT = "dwarf-with-dsym"; ENABLE_TESTABILITY = NO; }; name = Release; };
F8C70E4123C9AE82C42562CC = { isa = XCConfigurationList; buildConfigurations = (89E1FD6268CC0F221A2BE178, E6DE6C99132752C914FEF632,); defaultConfigurationIsVisible = 0; defaultConfigurationName = Release; };
E9B2E96ABC5F6856F2BE79CF = { isa = XCBuildConfiguration; buildSettings = { MACOSX_DEPLOYMENT_TARGET = 13.0; SDKROOT = macosx; SWIFT_VERSION = 5.0; CLANG_ENABLE_MODULES = YES; SWIFT_STRICT_CONCURRENCY = complete; PRODUCT_NAME = "$(TARGET_NAME)"; CODE_SIGN_STYLE = Manual; CODE_SIGN_IDENTITY = "-"; COMBINE_HIDPI_IMAGES = YES; PRODUCT_BUNDLE_IDENTIFIER = com.joelhoke.Screenshottr; INFOPLIST_FILE = Screenshottr/Info.plist; ENABLE_APP_SANDBOX = NO; LD_RUNPATH_SEARCH_PATHS = "$(inherited) @executable_path/../Frameworks"; }; name = Debug; };
5A8C91857F674E16E2724F47 = { isa = XCBuildConfiguration; buildSettings = { MACOSX_DEPLOYMENT_TARGET = 13.0; SDKROOT = macosx; SWIFT_VERSION = 5.0; CLANG_ENABLE_MODULES = YES; SWIFT_STRICT_CONCURRENCY = complete; PRODUCT_NAME = "$(TARGET_NAME)"; CODE_SIGN_STYLE = Manual; CODE_SIGN_IDENTITY = "-"; COMBINE_HIDPI_IMAGES = YES; PRODUCT_BUNDLE_IDENTIFIER = com.joelhoke.Screenshottr; INFOPLIST_FILE = Screenshottr/Info.plist; ENABLE_APP_SANDBOX = NO; LD_RUNPATH_SEARCH_PATHS = "$(inherited) @executable_path/../Frameworks"; }; name = Release; };
DA1189605F4160DBE5714E93 = { isa = XCConfigurationList; buildConfigurations = (E9B2E96ABC5F6856F2BE79CF, 5A8C91857F674E16E2724F47,); defaultConfigurationIsVisible = 0; defaultConfigurationName = Release; };
0F3D67935A4F199E058A017A = { isa = XCBuildConfiguration; buildSettings = { MACOSX_DEPLOYMENT_TARGET = 13.0; SDKROOT = macosx; SWIFT_VERSION = 5.0; CLANG_ENABLE_MODULES = YES; SWIFT_STRICT_CONCURRENCY = complete; PRODUCT_NAME = "$(TARGET_NAME)"; CODE_SIGN_STYLE = Manual; CODE_SIGN_IDENTITY = "-"; COMBINE_HIDPI_IMAGES = YES; PRODUCT_BUNDLE_IDENTIFIER = com.joelhoke.ScreenshottrTests; GENERATE_INFOPLIST_FILE = YES; LD_RUNPATH_SEARCH_PATHS = "$(inherited) @loader_path/../Frameworks @executable_path/../Frameworks"; }; name = Debug; };
20B70E15FDC36C625E57F658 = { isa = XCBuildConfiguration; buildSettings = { MACOSX_DEPLOYMENT_TARGET = 13.0; SDKROOT = macosx; SWIFT_VERSION = 5.0; CLANG_ENABLE_MODULES = YES; SWIFT_STRICT_CONCURRENCY = complete; PRODUCT_NAME = "$(TARGET_NAME)"; CODE_SIGN_STYLE = Manual; CODE_SIGN_IDENTITY = "-"; COMBINE_HIDPI_IMAGES = YES; PRODUCT_BUNDLE_IDENTIFIER = com.joelhoke.ScreenshottrTests; GENERATE_INFOPLIST_FILE = YES; LD_RUNPATH_SEARCH_PATHS = "$(inherited) @loader_path/../Frameworks @executable_path/../Frameworks"; }; name = Release; };
12B527EF3EF9C4DD757429EA = { isa = XCConfigurationList; buildConfigurations = (0F3D67935A4F199E058A017A, 20B70E15FDC36C625E57F658,); defaultConfigurationIsVisible = 0; defaultConfigurationName = Release; };
2D764CD838DB39F040AA7EC4 = { isa = PBXSourcesBuildPhase; buildActionMask = 2147483647; files = (A9D91C2E959135C2F07196D4, F34E0FFAA170C5368592A9B2, 165B6AB9D23DBA96F7D0C387,); runOnlyForDeploymentPostprocessing = 0; };
12384B5908BE5FE5B3301CEE = { isa = PBXFrameworksBuildPhase; buildActionMask = 2147483647; files = (); runOnlyForDeploymentPostprocessing = 0; };
7D1043473D55BFA90E8530D3 = { isa = PBXNativeTarget; buildConfigurationList = DA1189605F4160DBE5714E93; buildPhases = (2D764CD838DB39F040AA7EC4, 12384B5908BE5FE5B3301CEE,); buildRules = (); dependencies = (); name = Screenshottr; productName = Screenshottr; productReference = 6D795F13C8C22E022040EE00; productType = "com.apple.product-type.application"; };
0AAF609B956B1178EE16AECC = { isa = PBXSourcesBuildPhase; buildActionMask = 2147483647; files = (80FAC02A0BD5812E2A00F339, 9D7F9248545092ADF453B3A3,); runOnlyForDeploymentPostprocessing = 0; };
0A7B6C0932A5D1B0862B4A3C = { isa = PBXFrameworksBuildPhase; buildActionMask = 2147483647; files = (); runOnlyForDeploymentPostprocessing = 0; };
04D13FD0AA6F0197CF2C9990 = { isa = PBXNativeTarget; buildConfigurationList = 12B527EF3EF9C4DD757429EA; buildPhases = (0AAF609B956B1178EE16AECC, 0A7B6C0932A5D1B0862B4A3C,); buildRules = (); dependencies = (); name = ScreenshottrTests; productName = ScreenshottrTests; productReference = AEAE4B28CDFF08F590396BA5; productType = "com.apple.product-type.bundle.unit-test"; };
98F54143AB4E86B28C3AFEE0 = { isa = PBXProject; attributes = { LastUpgradeCheck = 1600; }; buildConfigurationList = F8C70E4123C9AE82C42562CC; compatibilityVersion = "Xcode 14.0"; developmentRegion = en; hasScannedForEncodings = 0; knownRegions = (en, Base); mainGroup = B28B7AF69320201D1CF206EB; productRefGroup = FBDC4F23F93125BBEEAE800C; projectDirPath = ""; projectRoot = ""; targets = (7D1043473D55BFA90E8530D3, 04D13FD0AA6F0197CF2C9990,); };
}; rootObject = 98F54143AB4E86B28C3AFEE0; }
